
Microsoft Visual Studio Solution File, Format Version 12.00
# Visual Studio Version 17
VisualStudioVersion = 17.9.34728.123
MinimumVisualStudioVersion = 10.0.40219.1
Project("{FAE04EC0-301F-11D3-BF4B-00C04F79EFBC}") = "5by5_Bingo", "5by5_Bingo\5by5_Bingo.csproj", "{C0782C8C-6A2B-443F-9B35-A3127873FA1B}"
EndProject
Global
	GlobalSection(SolutionConfigurationPlatforms) = preSolution
		Debug|Any CPU = Debug|Any CPU
		Release|Any CPU = Release|Any CPU
	EndGlobalSection
	GlobalSection(ProjectConfigurationPlatforms) = postSolution
		{C0782C8C-6A2B-443F-9B35-A3127873FA1B}.Debug|Any CPU.ActiveCfg = Debug|Any CPU
		{C0782C8C-6A2B-443F-9B35-A3127873FA1B}.Debug|Any CPU.Build.0 = Debug|Any CPU
		{C0782C8C-6A2B-443F-9B35-A3127873FA1B}.Release|Any CPU.ActiveCfg = Release|Any CPU
		{C0782C8C-6A2B-443F-9B35-A3127873FA1B}.Release|Any CPU.Build.0 = Release|Any CPU
	EndGlobalSection
	GlobalSection(SolutionProperties) = preSolution
		HideSolutionNode = FALSE
	EndGlobalSection
	GlobalSection(ExtensibilityGlobals) = postSolution
		SolutionGuid = {0BE24411-3D5E-4B6A-97FF-413652E9F6FA}
	EndGlobalSection
EndGlobal
